
Microsoft Visual Studio Solution File, Format Version 12.00
# Visual Studio Version 16
VisualStudioVersion = 16.0.30114.105
MinimumVisualStudioVersion = 10.0.40219.1
Project("{FAE04EC0-301F-11D3-BF4B-00C04F79EFBC}") = "play.console", "play.console\play.console.csproj", "{D7B49E3E-7C4A-4297-8F64-3EE899ACD17A}"
EndProject
Global
	GlobalSection(SolutionProperties) = preSolution
		HideSolutionNode = FALSE
	EndGlobalSection
	GlobalSection(NestedProjects) = preSolution
	EndGlobalSection
	GlobalSection(SolutionConfigurationPlatforms) = preSolution
		Debug|Any CPU = Debug|Any CPU
		Debug|x64 = Debug|x64
		Debug|x86 = Debug|x86
		Release|Any CPU = Release|Any CPU
		Release|x64 = Release|x64
		Release|x86 = Release|x86
	EndGlobalSection
	GlobalSection(ProjectConfigurationPlatforms) = postSolution
		{D7B49E3E-7C4A-4297-8F64-3EE899ACD17A}.Debug|Any CPU.ActiveCfg = Debug|Any CPU
		{D7B49E3E-7C4A-4297-8F64-3EE899ACD17A}.Debug|Any CPU.Build.0 = Debug|Any CPU
		{D7B49E3E-7C4A-4297-8F64-3EE899ACD17A}.Debug|x64.ActiveCfg = Debug|Any CPU
		{D7B49E3E-7C4A-4297-8F64-3EE899ACD17A}.Debug|x64.Build.0 = Debug|Any CPU
		{D7B49E3E-7C4A-4297-8F64-3EE899ACD17A}.Debug|x86.ActiveCfg = Debug|Any CPU
		{D7B49E3E-7C4A-4297-8F64-3EE899ACD17A}.Debug|x86.Build.0 = Debug|Any CPU
		{D7B49E3E-7C4A-4297-8F64-3EE899ACD17A}.Release|Any CPU.ActiveCfg = Release|Any CPU
		{D7B49E3E-7C4A-4297-8F64-3EE899ACD17A}.Release|Any CPU.Build.0 = Release|Any CPU
		{D7B49E3E-7C4A-4297-8F64-3EE899ACD17A}.Release|x64.ActiveCfg = Release|Any CPU
		{D7B49E3E-7C4A-4297-8F64-3EE899ACD17A}.Release|x64.Build.0 = Release|Any CPU
		{D7B49E3E-7C4A-4297-8F64-3EE899ACD17A}.Release|x86.ActiveCfg = Release|Any CPU
		{D7B49E3E-7C4A-4297-8F64-3EE899ACD17A}.Release|x86.Build.0 = Release|Any CPU
	EndGlobalSection
EndGlobal
